
Microsoft Visual Studio Solution File, Format Version 12.00
# Visual Studio Version 17
VisualStudioVersion = 17.0.31919.166
MinimumVisualStudioVersion = 10.0.40219.1
Project("{FAE04EC0-301F-11D3-BF4B-00C04F79EFBC}") = "DesignPattern", "DesignPattern\DesignPattern.csproj", "{395A2F54-78B8-449E-9A76-3BDF63474C70}"
EndProject
Global
	GlobalSection(SolutionConfigurationPlatforms) = preSolution
		Debug|Any CPU = Debug|Any CPU
		Release|Any CPU = Release|Any CPU
	EndGlobalSection
	GlobalSection(ProjectConfigurationPlatforms) = postSolution
		{395A2F54-78B8-449E-9A76-3BDF63474C70}.Debug|Any CPU.ActiveCfg = Debug|Any CPU
		{395A2F54-78B8-449E-9A76-3BDF63474C70}.Debug|Any CPU.Build.0 = Debug|Any CPU
		{395A2F54-78B8-449E-9A76-3BDF63474C70}.Release|Any CPU.ActiveCfg = Release|Any CPU
		{395A2F54-78B8-449E-9A76-3BDF63474C70}.Release|Any CPU.Build.0 = Release|Any CPU
	EndGlobalSection
	GlobalSection(SolutionProperties) = preSolution
		HideSolutionNode = FALSE
	EndGlobalSection
	GlobalSection(ExtensibilityGlobals) = postSolution
		SolutionGuid = {D11C5E66-C4FC-42CF-A295-8E567568B4D2}
	EndGlobalSection
EndGlobal
